
Microsoft Visual Studio Solution File, Format Version 12.00
# Visual Studio Version 16
VisualStudioVersion = 16.0.30907.101
MinimumVisualStudioVersion = 10.0.40219.1
Project("{FAE04EC0-301F-11D3-BF4B-00C04F79EFBC}") = "TextReplacer", "TextReplacer\TextReplacer.csproj", "{52C667F2-6E4B-45C0-AE5C-27D798691D4B}"
EndProject
Global
	GlobalSection(SolutionConfigurationPlatforms) = preSolution
		Debug|Any CPU = Debug|Any CPU
		Release|Any CPU = Release|Any CPU
	EndGlobalSection
	GlobalSection(ProjectConfigurationPlatforms) = postSolution
		{52C667F2-6E4B-45C0-AE5C-27D798691D4B}.Debug|Any CPU.ActiveCfg = Debug|Any CPU
		{52C667F2-6E4B-45C0-AE5C-27D798691D4B}.Debug|Any CPU.Build.0 = Debug|Any CPU
		{52C667F2-6E4B-45C0-AE5C-27D798691D4B}.Release|Any CPU.ActiveCfg = Release|Any CPU
		{52C667F2-6E4B-45C0-AE5C-27D798691D4B}.Release|Any CPU.Build.0 = Release|Any CPU
	EndGlobalSection
	GlobalSection(SolutionProperties) = preSolution
		HideSolutionNode = FALSE
	EndGlobalSection
	GlobalSection(ExtensibilityGlobals) = postSolution
		SolutionGuid = {C38B13FE-7499-46E0-87DA-B9A93372AB77}
	EndGlobalSection
EndGlobal
